// !$*UTF8*$!
{
	archiveVersion = 1;
	classes = {
	};
	objectVersion = 46;
	objects = {

/* Begin PBXBuildFile section */
		E13F1387176FF5F50010DDE1 /* ic_action_star_0.png in Resources */ = {isa = PBXBuildFile; fileRef = E13F1386176FF5F50010DDE1 /* ic_action_star_0.png */; };
		E13F1389176FF61A0010DDE1 /* ic_action_star_10.png in Resources */ = {isa = PBXBuildFile; fileRef = E13F1388176FF61A0010DDE1 /* ic_action_star_10.png */; };
		E13F138C176FF67E0010DDE1 /* ic_action_star_0@2x.png in Resources */ = {isa = PBXBuildFile; fileRef = E13F138A176FF67E0010DDE1 /* ic_action_star_0@2x.png */; };
		E13F138D176FF67E0010DDE1 /* ic_action_star_10@2x.png in Resources */ = {isa = PBXBuildFile; fileRef = E13F138B176FF67E0010DDE1 /* ic_action_star_10@2x.png */; };
		E14FEF0D176A984500F50C85 /* UIKit.framework in Frameworks */ = {isa = PBXBuildFile; fileRef = E14FEF0C176A984500F50C85 /* UIKit.framework */; };
		E14FEF0F176A984500F50C85 /* Foundation.framework in Frameworks */ = {isa = PBXBuildFile; fileRef = E14FEF0E176A984500F50C85 /* Foundation.framework */; };
		E14FEF11176A984500F50C85 /* CoreGraphics.framework in Frameworks */ = {isa = PBXBuildFile; fileRef = E14FEF10176A984500F50C85 /* CoreGraphics.framework */; };
		E14FEF17176A984500F50C85 /* InfoPlist.strings in Resources */ = {isa = PBXBuildFile; fileRef = E14FEF15176A984500F50C85 /* InfoPlist.strings */; };
		E14FEF19176A984500F50C85 /* main.m in Sources */ = {isa = PBXBuildFile; fileRef = E14FEF18176A984500F50C85 /* main.m */; };
		E14FEF1D176A984500F50C85 /* APPAppDelegate.m in Sources */ = {isa = PBXBuildFile; fileRef = E14FEF1C176A984500F50C85 /* APPAppDelegate.m */; };
		E14FEF1F176A984500F50C85 /* Default.png in Resources */ = {isa = PBXBuildFile; fileRef = E14FEF1E176A984500F50C85 /* Default.png */; };
		E14FEF21176A984500F50C85 /* Default@2x.png in Resources */ = {isa = PBXBuildFile; fileRef = E14FEF20176A984500F50C85 /* Default@2x.png */; };
		E14FEF23176A984500F50C85 /* Default-568h@2x.png in Resources */ = {isa = PBXBuildFile; fileRef = E14FEF22176A984500F50C85 /* Default-568h@2x.png */; };
		E14FEF26176A984500F50C85 /* APPViewController.m in Sources */ = {isa = PBXBuildFile; fileRef = E14FEF25176A984500F50C85 /* APPViewController.m */; };
		E14FEF32176AB55C00F50C85 /* APPDetailsViewController.m in Sources */ = {isa = PBXBuildFile; fileRef = E14FEF30176AB55C00F50C85 /* APPDetailsViewController.m */; };
		E14FEF33176AB55C00F50C85 /* APPDetailsViewController.xib in Resources */ = {isa = PBXBuildFile; fileRef = E14FEF31176AB55C00F50C85 /* APPDetailsViewController.xib */; };
		E159F1291773DA3300BD698B /* SystemConfiguration.framework in Frameworks */ = {isa = PBXBuildFile; fileRef = E159F1281773DA3300BD698B /* SystemConfiguration.framework */; };
		E17779CE177A85DA007F0B31 /* Reachability.m in Sources */ = {isa = PBXBuildFile; fileRef = E17779CD177A85DA007F0B31 /* Reachability.m */; };
		E1777A03177A9412007F0B31 /* CustomCellBackground.m in Sources */ = {isa = PBXBuildFile; fileRef = E1777A02177A9412007F0B31 /* CustomCellBackground.m */; };
		E1777A06177A97EF007F0B31 /* Common.m in Sources */ = {isa = PBXBuildFile; fileRef = E1777A05177A97EF007F0B31 /* Common.m */; };
		E1777A0A177AAFBF007F0B31 /* CustomHeader.m in Sources */ = {isa = PBXBuildFile; fileRef = E1777A09177AAFBF007F0B31 /* CustomHeader.m */; };
		E1AC5537177D214B00273012 /* graybg.png in Resources */ = {isa = PBXBuildFile; fileRef = E1AC5536177D214B00273012 /* graybg.png */; };
		E1AC553E177D2B6F00273012 /* grey_@2X.png in Resources */ = {isa = PBXBuildFile; fileRef = E1AC553C177D2B6F00273012 /* grey_@2X.png */; };
		E1AC553F177D2B6F00273012 /* grey.png in Resources */ = {isa = PBXBuildFile; fileRef = E1AC553D177D2B6F00273012 /* grey.png */; };
		E1AC5542177D342700273012 /* UICustomNavigationController.m in Sources */ = {isa = PBXBuildFile; fileRef = E1AC5541177D342700273012 /* UICustomNavigationController.m */; };
		E1B4A4CD1771978800B9D5C9 /* CoreData.framework in Frameworks */ = {isa = PBXBuildFile; fileRef = E1B4A4CC1771978800B9D5C9 /* CoreData.framework */; };
		E1B4A4D01771995D00B9D5C9 /* Favorite.xcdatamodeld in Sources */ = {isa = PBXBuildFile; fileRef = E1B4A4CE1771995D00B9D5C9 /* Favorite.xcdatamodeld */; };
		E1B4A4D317719B2900B9D5C9 /* Favorite.m in Sources */ = {isa = PBXBuildFile; fileRef = E1B4A4D217719B2900B9D5C9 /* Favorite.m */; };
/* End PBXBuildFile section */

/* Begin PBXFileReference section */
		E13F1386176FF5F50010DDE1 /* ic_action_star_0.png */ = {isa = PBXFileReference; lastKnownFileType = image.png; path = ic_action_star_0.png; sourceTree = "<group>"; };
		E13F1388176FF61A0010DDE1 /* ic_action_star_10.png */ = {isa = PBXFileReference; lastKnownFileType = image.png; path = ic_action_star_10.png; sourceTree = "<group>"; };
		E13F138A176FF67E0010DDE1 /* ic_action_star_0@2x.png */ = {isa = PBXFileReference; lastKnownFileType = image.png; path = "ic_action_star_0@2x.png"; sourceTree = "<group>"; };
		E13F138B176FF67E0010DDE1 /* ic_action_star_10@2x.png */ = {isa = PBXFileReference; lastKnownFileType = image.png; path = "ic_action_star_10@2x.png"; sourceTree = "<group>"; };
		E14FEF09176A984500F50C85 /* PersonalWebsiteApp.app */ = {isa = PBXFileReference; explicitFileType = wrapper.application; includeInIndex = 0; path = PersonalWebsiteApp.app; sourceTree = BUILT_PRODUCTS_DIR; };
		E14FEF0C176A984500F50C85 /* UIKit.framework */ = {isa = PBXFileReference; lastKnownFileType = wrapper.framework; name = UIKit.framework; path = System/Library/Frameworks/UIKit.framework; sourceTree = SDKROOT; };
		E14FEF0E176A984500F50C85 /* Foundation.framework */ = {isa = PBXFileReference; lastKnownFileType = wrapper.framework; name = Foundation.framework; path = System/Library/Frameworks/Foundation.framework; sourceTree = SDKROOT; };
		E14FEF10176A984500F50C85 /* CoreGraphics.framework */ = {isa = PBXFileReference; lastKnownFileType = wrapper.framework; name = CoreGraphics.framework; path = System/Library/Frameworks/CoreGraphics.framework; sourceTree = SDKROOT; };
		E14FEF14176A984500F50C85 /* PersonalWebsiteApp-Info.plist */ = {isa = PBXFileReference; lastKnownFileType = text.plist.xml; path = "PersonalWebsiteApp-Info.plist"; sourceTree = "<group>"; };
		E14FEF16176A984500F50C85 /* en */ = {isa = PBXFileReference; lastKnownFileType = text.plist.strings; name = en; path = en.lproj/InfoPlist.strings; sourceTree = "<group>"; };
		E14FEF18176A984500F50C85 /* main.m */ = {isa = PBXFileReference; lastKnownFileType = sourcecode.c.objc; path = main.m; sourceTree = "<group>"; };
		E14FEF1A176A984500F50C85 /* PersonalWebsite-Prefix.pch */ = {isa = PBXFileReference; lastKnownFileType = sourcecode.c.h; path = "PersonalWebsite-Prefix.pch"; sourceTree = "<group>"; };
		E14FEF1B176A984500F50C85 /* APPAppDelegate.h */ = {isa = PBXFileReference; lastKnownFileType = sourcecode.c.h; path = APPAppDelegate.h; sourceTree = "<group>"; };
		E14FEF1C176A984500F50C85 /* APPAppDelegate.m */ = {isa = PBXFileReference; lastKnownFileType = sourcecode.c.objc; path = APPAppDelegate.m; sourceTree = "<group>"; };
		E14FEF1E176A984500F50C85 /* Default.png */ = {isa = PBXFileReference; lastKnownFileType = image.png; path = Default.png; sourceTree = "<group>"; };
		E14FEF20176A984500F50C85 /* Default@2x.png */ = {isa = PBXFileReference; lastKnownFileType = image.png; path = "Default@2x.png"; sourceTree = "<group>"; };
		E14FEF22176A984500F50C85 /* Default-568h@2x.png */ = {isa = PBXFileReference; lastKnownFileType = image.png; path = "Default-568h@2x.png"; sourceTree = "<group>"; };
		E14FEF24176A984500F50C85 /* APPViewController.h */ = {isa = PBXFileReference; lastKnownFileType = sourcecode.c.h; path = APPViewController.h; sourceTree = "<group>"; };
		E14FEF25176A984500F50C85 /* APPViewController.m */ = {isa = PBXFileReference; lastKnownFileType = sourcecode.c.objc; path = APPViewController.m; sourceTree = "<group>"; };
		E14FEF2F176AB55C00F50C85 /* APPDetailsViewController.h */ = {isa = PBXFileReference; fileEncoding = 4; lastKnownFileType = sourcecode.c.h; path = APPDetailsViewController.h; sourceTree = "<group>"; };
		E14FEF30176AB55C00F50C85 /* APPDetailsViewController.m */ = {isa = PBXFileReference; fileEncoding = 4; lastKnownFileType = sourcecode.c.objc; path = APPDetailsViewController.m; sourceTree = "<group>"; };
		E14FEF31176AB55C00F50C85 /* APPDetailsViewController.xib */ = {isa = PBXFileReference; fileEncoding = 4; lastKnownFileType = file.xib; path = APPDetailsViewController.xib; sourceTree = "<group>"; };
		E159F1281773DA3300BD698B /* SystemConfiguration.framework */ = {isa = PBXFileReference; lastKnownFileType = wrapper.framework; name = SystemConfiguration.framework; path = System/Library/Frameworks/SystemConfiguration.framework; sourceTree = SDKROOT; };
		E16466EE1772CFC500F71617 /* APPStorySelectionDelegate.h */ = {isa = PBXFileReference; lastKnownFileType = sourcecode.c.h; path = APPStorySelectionDelegate.h; sourceTree = "<group>"; };
		E17779CC177A85DA007F0B31 /* Reachability.h */ = {isa = PBXFileReference; fileEncoding = 4; lastKnownFileType = sourcecode.c.h; path = Reachability.h; sourceTree = "<group>"; };
		E17779CD177A85DA007F0B31 /* Reachability.m */ = {isa = PBXFileReference; fileEncoding = 4; lastKnownFileType = sourcecode.c.objc; path = Reachability.m; sourceTree = "<group>"; };
		E1777A01177A9412007F0B31 /* CustomCellBackground.h */ = {isa = PBXFileReference; fileEncoding = 4; lastKnownFileType = sourcecode.c.h; path = CustomCellBackground.h; sourceTree = "<group>"; };
		E1777A02177A9412007F0B31 /* CustomCellBackground.m */ = {isa = PBXFileReference; fileEncoding = 4; lastKnownFileType = sourcecode.c.objc; path = CustomCellBackground.m; sourceTree = "<group>"; };
		E1777A04177A97EF007F0B31 /* Common.h */ = {isa = PBXFileReference; fileEncoding = 4; lastKnownFileType = sourcecode.c.h; path = Common.h; sourceTree = "<group>"; };
		E1777A05177A97EF007F0B31 /* Common.m */ = {isa = PBXFileReference; fileEncoding = 4; lastKnownFileType = sourcecode.c.objc; path = Common.m; sourceTree = "<group>"; };
		E1777A08177AAFBF007F0B31 /* CustomHeader.h */ = {isa = PBXFileReference; fileEncoding = 4; lastKnownFileType = sourcecode.c.h; path = CustomHeader.h; sourceTree = "<group>"; };
		E1777A09177AAFBF007F0B31 /* CustomHeader.m */ = {isa = PBXFileReference; fileEncoding = 4; lastKnownFileType = sourcecode.c.objc; path = CustomHeader.m; sourceTree = "<group>"; };
		E1AC5536177D214B00273012 /* graybg.png */ = {isa = PBXFileReference; lastKnownFileType = image.png; path = graybg.png; sourceTree = "<group>"; };
		E1AC553C177D2B6F00273012 /* grey_@2X.png */ = {isa = PBXFileReference; lastKnownFileType = image.png; path = "grey_@2X.png"; sourceTree = "<group>"; };
		E1AC553D177D2B6F00273012 /* grey.png */ = {isa = PBXFileReference; lastKnownFileType = image.png; path = grey.png; sourceTree = "<group>"; };
		E1AC5540177D342700273012 /* UICustomNavigationController.h */ = {isa = PBXFileReference; fileEncoding = 4; lastKnownFileType = sourcecode.c.h; path = UICustomNavigationController.h; sourceTree = "<group>"; };
		E1AC5541177D342700273012 /* UICustomNavigationController.m */ = {isa = PBXFileReference; fileEncoding = 4; lastKnownFileType = sourcecode.c.objc; path = UICustomNavigationController.m; sourceTree = "<group>"; };
		E1B4A4CC1771978800B9D5C9 /* CoreData.framework */ = {isa = PBXFileReference; lastKnownFileType = wrapper.framework; name = CoreData.framework; path = System/Library/Frameworks/CoreData.framework; sourceTree = SDKROOT; };
		E1B4A4CF1771995D00B9D5C9 /* Favorite.xcdatamodel */ = {isa = PBXFileReference; lastKnownFileType = wrapper.xcdatamodel; path = Favorite.xcdatamodel; sourceTree = "<group>"; };
		E1B4A4D117719B2900B9D5C9 /* Favorite.h */ = {isa = PBXFileReference; fileEncoding = 4; lastKnownFileType = sourcecode.c.h; path = Favorite.h; sourceTree = "<group>"; };
		E1B4A4D217719B2900B9D5C9 /* Favorite.m */ = {isa = PBXFileReference; fileEncoding = 4; lastKnownFileType = sourcecode.c.objc; path = Favorite.m; sourceTree = "<group>"; };
/* End PBXFileReference section */

/* Begin PBXFrameworksBuildPhase section */
		E14FEF06176A984500F50C85 /* Frameworks */ = {
			isa = PBXFrameworksBuildPhase;
			buildActionMask = 2147483647;
			files = (
				E159F1291773DA3300BD698B /* SystemConfiguration.framework in Frameworks */,
				E1B4A4CD1771978800B9D5C9 /* CoreData.framework in Frameworks */,
				E14FEF0D176A984500F50C85 /* UIKit.framework in Frameworks */,
				E14FEF0F176A984500F50C85 /* Foundation.framework in Frameworks */,
				E14FEF11176A984500F50C85 /* CoreGraphics.framework in Frameworks */,
			);
			runOnlyForDeploymentPostprocessing = 0;
		};
/* End PBXFrameworksBuildPhase section */

/* Begin PBXGroup section */
		E14FEF00176A984500F50C85 = {
			isa = PBXGroup;
			children = (
				E14FEF12176A984500F50C85 /* PersonalWebsiteApp */,
				E14FEF0B176A984500F50C85 /* Frameworks */,
				E14FEF0A176A984500F50C85 /* Products */,
			);
			sourceTree = "<group>";
		};
		E14FEF0A176A984500F50C85 /* Products */ = {
			isa = PBXGroup;
			children = (
				E14FEF09176A984500F50C85 /* PersonalWebsiteApp.app */,
			);
			name = Products;
			sourceTree = "<group>";
		};
		E14FEF0B176A984500F50C85 /* Frameworks */ = {
			isa = PBXGroup;
			children = (
				E159F1281773DA3300BD698B /* SystemConfiguration.framework */,
				E1B4A4CC1771978800B9D5C9 /* CoreData.framework */,
				E14FEF0C176A984500F50C85 /* UIKit.framework */,
				E14FEF0E176A984500F50C85 /* Foundation.framework */,
				E14FEF10176A984500F50C85 /* CoreGraphics.framework */,
			);
			name = Frameworks;
			sourceTree = "<group>";
		};
		E14FEF12176A984500F50C85 /* PersonalWebsiteApp */ = {
			isa = PBXGroup;
			children = (
				E17779CC177A85DA007F0B31 /* Reachability.h */,
				E17779CD177A85DA007F0B31 /* Reachability.m */,
				E14FEF1B176A984500F50C85 /* APPAppDelegate.h */,
				E14FEF1C176A984500F50C85 /* APPAppDelegate.m */,
				E14FEF24176A984500F50C85 /* APPViewController.h */,
				E14FEF25176A984500F50C85 /* APPViewController.m */,
				E14FEF2F176AB55C00F50C85 /* APPDetailsViewController.h */,
				E14FEF30176AB55C00F50C85 /* APPDetailsViewController.m */,
				E14FEF31176AB55C00F50C85 /* APPDetailsViewController.xib */,
				E1B4A4CE1771995D00B9D5C9 /* Favorite.xcdatamodeld */,
				E1B4A4D117719B2900B9D5C9 /* Favorite.h */,
				E1B4A4D217719B2900B9D5C9 /* Favorite.m */,
				E16466EE1772CFC500F71617 /* APPStorySelectionDelegate.h */,
				E14FEF13176A984500F50C85 /* Supporting Files */,
				E1777A07177A980A007F0B31 /* Custom Cell */,
				E1AC5540177D342700273012 /* UICustomNavigationController.h */,
				E1AC5541177D342700273012 /* UICustomNavigationController.m */,
			);
			path = PersonalWebsiteApp;
			sourceTree = "<group>";
		};
		E14FEF13176A984500F50C85 /* Supporting Files */ = {
			isa = PBXGroup;
			children = (
				E1AC553C177D2B6F00273012 /* grey_@2X.png */,
				E1AC553D177D2B6F00273012 /* grey.png */,
				E1AC5536177D214B00273012 /* graybg.png */,
				E13F138A176FF67E0010DDE1 /* ic_action_star_0@2x.png */,
				E13F138B176FF67E0010DDE1 /* ic_action_star_10@2x.png */,
				E13F1388176FF61A0010DDE1 /* ic_action_star_10.png */,
				E13F1386176FF5F50010DDE1 /* ic_action_star_0.png */,
				E14FEF14176A984500F50C85 /* PersonalWebsiteApp-Info.plist */,
				E14FEF15176A984500F50C85 /* InfoPlist.strings */,
				E14FEF18176A984500F50C85 /* main.m */,
				E14FEF1A176A984500F50C85 /* PersonalWebsite-Prefix.pch */,
				E14FEF1E176A984500F50C85 /* Default.png */,
				E14FEF20176A984500F50C85 /* Default@2x.png */,
				E14FEF22176A984500F50C85 /* Default-568h@2x.png */,
			);
			name = "Supporting Files";
			sourceTree = "<group>";
		};
		E1777A07177A980A007F0B31 /* Custom Cell */ = {
			isa = PBXGroup;
			children = (
				E1777A01177A9412007F0B31 /* CustomCellBackground.h */,
				E1777A02177A9412007F0B31 /* CustomCellBackground.m */,
				E1777A04177A97EF007F0B31 /* Common.h */,
				E1777A05177A97EF007F0B31 /* Common.m */,
				E1777A08177AAFBF007F0B31 /* CustomHeader.h */,
				E1777A09177AAFBF007F0B31 /* CustomHeader.m */,
			);
			name = "Custom Cell";
			sourceTree = "<group>";
		};
/* End PBXGroup section */

/* Begin PBXNativeTarget section */
		E14FEF08176A984500F50C85 /* PersonalWebsiteApp */ = {
			isa = PBXNativeTarget;
			buildConfigurationList = E14FEF2C176A984500F50C85 /* Build configuration list for PBXNativeTarget "PersonalWebsiteApp" */;
			buildPhases = (
				E14FEF05176A984500F50C85 /* Sources */,
				E14FEF06176A984500F50C85 /* Frameworks */,
				E14FEF07176A984500F50C85 /* Resources */,
			);
			buildRules = (
			);
			dependencies = (
			);
			name = PersonalWebsiteApp;
			productName = PersonalWebsiteApp;
			productReference = E14FEF09176A984500F50C85 /* PersonalWebsiteApp.app */;
			productType = "com.apple.product-type.application";
		};
/* End PBXNativeTarget section */

/* Begin PBXProject section */
		E14FEF01176A984500F50C85 /* Project object */ = {
			isa = PBXProject;
			attributes = {
				CLASSPREFIX = APP;
				LastUpgradeCheck = 0460;
				ORGANIZATIONNAME = "Ali Muzaffar";
			};
			buildConfigurationList = E14FEF04176A984500F50C85 /* Build configuration list for PBXProject "PersonalWebsiteApp" */;
			compatibilityVersion = "Xcode 3.2";
			developmentRegion = English;
			hasScannedForEncodings = 0;
			knownRegions = (
				en,
			);
			mainGroup = E14FEF00176A984500F50C85;
			productRefGroup = E14FEF0A176A984500F50C85 /* Products */;
			projectDirPath = "";
			projectRoot = "";
			targets = (
				E14FEF08176A984500F50C85 /* PersonalWebsiteApp */,
			);
		};
/* End PBXProject section */

/* Begin PBXResourcesBuildPhase section */
		E14FEF07176A984500F50C85 /* Resources */ = {
			isa = PBXResourcesBuildPhase;
			buildActionMask = 2147483647;
			files = (
				E14FEF17176A984500F50C85 /* InfoPlist.strings in Resources */,
				E14FEF1F176A984500F50C85 /* Default.png in Resources */,
				E14FEF21176A984500F50C85 /* Default@2x.png in Resources */,
				E14FEF23176A984500F50C85 /* Default-568h@2x.png in Resources */,
				E14FEF33176AB55C00F50C85 /* APPDetailsViewController.xib in Resources */,
				E13F1387176FF5F50010DDE1 /* ic_action_star_0.png in Resources */,
				E13F1389176FF61A0010DDE1 /* ic_action_star_10.png in Resources */,
				E13F138C176FF67E0010DDE1 /* ic_action_star_0@2x.png in Resources */,
				E13F138D176FF67E0010DDE1 /* ic_action_star_10@2x.png in Resources */,
				E1AC5537177D214B00273012 /* graybg.png in Resources */,
				E1AC553E177D2B6F00273012 /* grey_@2X.png in Resources */,
				E1AC553F177D2B6F00273012 /* grey.png in Resources */,
			);
			runOnlyForDeploymentPostprocessing = 0;
		};
/* End PBXResourcesBuildPhase section */

/* Begin PBXSourcesBuildPhase section */
		E14FEF05176A984500F50C85 /* Sources */ = {
			isa = PBXSourcesBuildPhase;
			buildActionMask = 2147483647;
			files = (
				E14FEF19176A984500F50C85 /* main.m in Sources */,
				E14FEF1D176A984500F50C85 /* APPAppDelegate.m in Sources */,
				E14FEF26176A984500F50C85 /* APPViewController.m in Sources */,
				E14FEF32176AB55C00F50C85 /* APPDetailsViewController.m in Sources */,
				E1B4A4D01771995D00B9D5C9 /* Favorite.xcdatamodeld in Sources */,
				E1B4A4D317719B2900B9D5C9 /* Favorite.m in Sources */,
				E17779CE177A85DA007F0B31 /* Reachability.m in Sources */,
				E1777A03177A9412007F0B31 /* CustomCellBackground.m in Sources */,
				E1777A06177A97EF007F0B31 /* Common.m in Sources */,
				E1777A0A177AAFBF007F0B31 /* CustomHeader.m in Sources */,
				E1AC5542177D342700273012 /* UICustomNavigationController.m in Sources */,
			);
			runOnlyForDeploymentPostprocessing = 0;
		};
/* End PBXSourcesBuildPhase section */

/* Begin PBXVariantGroup section */
		E14FEF15176A984500F50C85 /* InfoPlist.strings */ = {
			isa = PBXVariantGroup;
			children = (
				E14FEF16176A984500F50C85 /* en */,
			);
			name = InfoPlist.strings;
			sourceTree = "<group>";
		};
/* End PBXVariantGroup section */

/* Begin XCBuildConfiguration section */
		E14FEF2A176A984500F50C85 /* Debug */ = {
			isa = XCBuildConfiguration;
			buildSettings = {
				ALWAYS_SEARCH_USER_PATHS = NO;
				CLANG_CXX_LANGUAGE_STANDARD = "gnu++0x";
				CLANG_CXX_LIBRARY = "libc++";
				CLANG_ENABLE_OBJC_ARC = YES;
				CLANG_WARN_CONSTANT_CONVERSION = YES;
				CLANG_WARN_EMPTY_BODY = YES;
				CLANG_WARN_ENUM_CONVERSION = YES;
				CLANG_WARN_INT_CONVERSION = YES;
				CLANG_WARN__DUPLICATE_METHOD_MATCH = YES;
				"CODE_SIGN_IDENTITY[sdk=iphoneos*]" = "iPhone Developer";
				COPY_PHASE_STRIP = NO;
				GCC_C_LANGUAGE_STANDARD = gnu99;
				GCC_DYNAMIC_NO_PIC = NO;
				GCC_OPTIMIZATION_LEVEL = 0;
				GCC_PREPROCESSOR_DEFINITIONS = (
					"DEBUG=1",
					"$(inherited)",
				);
				GCC_SYMBOLS_PRIVATE_EXTERN = NO;
				GCC_WARN_ABOUT_RETURN_TYPE = YES;
				GCC_WARN_UNINITIALIZED_AUTOS = YES;
				GCC_WARN_UNUSED_VARIABLE = YES;
				IPHONEOS_DEPLOYMENT_TARGET = 5.0;
				ONLY_ACTIVE_ARCH = YES;
				SDKROOT = iphoneos6.1;
				TARGETED_DEVICE_FAMILY = "1,2";
			};
			name = Debug;
		};
		E14FEF2B176A984500F50C85 /* Release */ = {
			isa = XCBuildConfiguration;
			buildSettings = {
				ALWAYS_SEARCH_USER_PATHS = NO;
				CLANG_CXX_LANGUAGE_STANDARD = "gnu++0x";
				CLANG_CXX_LIBRARY = "libc++";
				CLANG_ENABLE_OBJC_ARC = YES;
				CLANG_WARN_CONSTANT_CONVERSION = YES;
				CLANG_WARN_EMPTY_BODY = YES;
				CLANG_WARN_ENUM_CONVERSION = YES;
				CLANG_WARN_INT_CONVERSION = YES;
				CLANG_WARN__DUPLICATE_METHOD_MATCH = YES;
				"CODE_SIGN_IDENTITY[sdk=iphoneos*]" = "iPhone Developer";
				COPY_PHASE_STRIP = YES;
				GCC_C_LANGUAGE_STANDARD = gnu99;
				GCC_WARN_ABOUT_RETURN_TYPE = YES;
				GCC_WARN_UNINITIALIZED_AUTOS = YES;
				GCC_WARN_UNUSED_VARIABLE = YES;
				IPHONEOS_DEPLOYMENT_TARGET = 5.0;
				OTHER_CFLAGS = "-DNS_BLOCK_ASSERTIONS=1";
				SDKROOT = iphoneos6.1;
				TARGETED_DEVICE_FAMILY = "1,2";
				VALIDATE_PRODUCT = YES;
			};
			name = Release;
		};
		E14FEF2D176A984500F50C85 /* Debug */ = {
			isa = XCBuildConfiguration;
			buildSettings = {
				GCC_PRECOMPILE_PREFIX_HEADER = YES;
				GCC_PREFIX_HEADER = "PersonalWebsiteApp/PersonalWebsiteApp-Prefix.pch";
				INFOPLIST_FILE = "PersonalWebsiteApp/PersonalWebsiteApp-Info.plist";
				IPHONEOS_DEPLOYMENT_TARGET = 5.0;
				PRODUCT_NAME = PersonalWebsiteApp;
				TARGETED_DEVICE_FAMILY = "1,2";
				WRAPPER_EXTENSION = app;
			};
			name = Debug;
		};
		E14FEF2E176A984500F50C85 /* Release */ = {
			isa = XCBuildConfiguration;
			buildSettings = {
				GCC_PRECOMPILE_PREFIX_HEADER = YES;
				GCC_PREFIX_HEADER = "PersonalWebsiteApp/PersonalWebsiteApp-Prefix.pch";
				INFOPLIST_FILE = "PersonalWebsiteApp/PersonalWebsiteApp-Info.plist";
				IPHONEOS_DEPLOYMENT_TARGET = 5.0;
				PRODUCT_NAME = PersonalWebsiteApp;
				TARGETED_DEVICE_FAMILY = "1,2";
				WRAPPER_EXTENSION = app;
			};
			name = Release;
		};
/* End XCBuildConfiguration section */

/* Begin XCConfigurationList section */
		E14FEF04176A984500F50C85 /* Build configuration list for PBXProject "PersonalWebsiteApp" */ = {
			isa = XCConfigurationList;
			buildConfigurations = (
				E14FEF2A176A984500F50C85 /* Debug */,
				E14FEF2B176A984500F50C85 /* Release */,
			);
			defaultConfigurationIsVisible = 0;
			defaultConfigurationName = Release;
		};
		E14FEF2C176A984500F50C85 /* Build configuration list for PBXNativeTarget "PersonalWebsiteApp" */ = {
			isa = XCConfigurationList;
			buildConfigurations = (
				E14FEF2D176A984500F50C85 /* Debug */,
				E14FEF2E176A984500F50C85 /* Release */,
			);
			defaultConfigurationIsVisible = 0;
			defaultConfigurationName = Release;
		};
/* End XCConfigurationList section */

/* Begin XCVersionGroup section */
		E1B4A4CE1771995D00B9D5C9 /* Favorite.xcdatamodeld */ = {
			isa = XCVersionGroup;
			children = (
				E1B4A4CF1771995D00B9D5C9 /* Favorite.xcdatamodel */,
			);
			currentVersion = E1B4A4CF1771995D00B9D5C9 /* Favorite.xcdatamodel */;
			path = Favorite.xcdatamodeld;
			sourceTree = "<group>";
			versionGroupType = wrapper.xcdatamodel;
		};
/* End XCVersionGroup section */
	};
	rootObject = E14FEF01176A984500F50C85 /* Project object */;
}
